
Microsoft Visual Studio Solution File, Format Version 12.00
# Visual Studio Version 17
VisualStudioVersion = 17.1.32414.318
MinimumVisualStudioVersion = 10.0.40219.1
Project("{FAE04EC0-301F-11D3-BF4B-00C04F79EFBC}") = "proyecto_micelanea", "proyecto_micelanea.csproj", "{798D822A-90BA-4E71-97E1-6E69F065892E}"
EndProject
Global
	GlobalSection(SolutionConfigurationPlatforms) = preSolution
		Debug|Any CPU = Debug|Any CPU
		Release|Any CPU = Release|Any CPU
	EndGlobalSection
	GlobalSection(ProjectConfigurationPlatforms) = postSolution
		{798D822A-90BA-4E71-97E1-6E69F065892E}.Debug|Any CPU.ActiveCfg = Debug|Any CPU
		{798D822A-90BA-4E71-97E1-6E69F065892E}.Debug|Any CPU.Build.0 = Debug|Any CPU
		{798D822A-90BA-4E71-97E1-6E69F065892E}.Release|Any CPU.ActiveCfg = Release|Any CPU
		{798D822A-90BA-4E71-97E1-6E69F065892E}.Release|Any CPU.Build.0 = Release|Any CPU
	EndGlobalSection
	GlobalSection(SolutionProperties) = preSolution
		HideSolutionNode = FALSE
	EndGlobalSection
	GlobalSection(ExtensibilityGlobals) = postSolution
		SolutionGuid = {1A044271-5F98-4B11-A0F0-FF9113AC56D0}
	EndGlobalSection
EndGlobal
